
Microsoft Visual Studio Solution File, Format Version 12.00
# Visual Studio Version 17
VisualStudioVersion = 17.5.33530.505
MinimumVisualStudioVersion = 10.0.40219.1
Project("{9A19103F-16F7-4668-BE54-9A1E7A4F7556}") = "ServiceSdkDemo.Console", "ServiceSdkDemo.Console\ServiceSdkDemo.Console.csproj", "{CB077432-6C3A-4137-9122-64B0728341EA}"
EndProject
Project("{9A19103F-16F7-4668-BE54-9A1E7A4F7556}") = "DeviceSdkDemo.Console", "DeviceSdkDemo.Console\DeviceSdkDemo.Console.csproj", "{512B7D57-2193-44AA-BE8B-3DA03FC1064F}"
EndProject
Project("{9A19103F-16F7-4668-BE54-9A1E7A4F7556}") = "BlobStorageDemo.Desktop", "BlobStorageDemo.Desktop\BlobStorageDemo.Desktop.csproj", "{6E6C2252-EE64-4205-AE77-EF7FBFD2FAAA}"
	ProjectSection(ProjectDependencies) = postProject
		{CB077432-6C3A-4137-9122-64B0728341EA} = {CB077432-6C3A-4137-9122-64B0728341EA}
	EndProjectSection
EndProject
Global
	GlobalSection(SolutionConfigurationPlatforms) = preSolution
		Debug|Any CPU = Debug|Any CPU
		Release|Any CPU = Release|Any CPU
	EndGlobalSection
	GlobalSection(ProjectConfigurationPlatforms) = postSolution
		{CB077432-6C3A-4137-9122-64B0728341EA}.Debug|Any CPU.ActiveCfg = Debug|Any CPU
		{CB077432-6C3A-4137-9122-64B0728341EA}.Debug|Any CPU.Build.0 = Debug|Any CPU
		{CB077432-6C3A-4137-9122-64B0728341EA}.Release|Any CPU.ActiveCfg = Release|Any CPU
		{CB077432-6C3A-4137-9122-64B0728341EA}.Release|Any CPU.Build.0 = Release|Any CPU
		{512B7D57-2193-44AA-BE8B-3DA03FC1064F}.Debug|Any CPU.ActiveCfg = Debug|Any CPU
		{512B7D57-2193-44AA-BE8B-3DA03FC1064F}.Debug|Any CPU.Build.0 = Debug|Any CPU
		{512B7D57-2193-44AA-BE8B-3DA03FC1064F}.Release|Any CPU.ActiveCfg = Release|Any CPU
		{512B7D57-2193-44AA-BE8B-3DA03FC1064F}.Release|Any CPU.Build.0 = Release|Any CPU
		{6E6C2252-EE64-4205-AE77-EF7FBFD2FAAA}.Debug|Any CPU.ActiveCfg = Debug|Any CPU
		{6E6C2252-EE64-4205-AE77-EF7FBFD2FAAA}.Debug|Any CPU.Build.0 = Debug|Any CPU
		{6E6C2252-EE64-4205-AE77-EF7FBFD2FAAA}.Release|Any CPU.ActiveCfg = Release|Any CPU
		{6E6C2252-EE64-4205-AE77-EF7FBFD2FAAA}.Release|Any CPU.Build.0 = Release|Any CPU
	EndGlobalSection
	GlobalSection(SolutionProperties) = preSolution
		HideSolutionNode = FALSE
	EndGlobalSection
	GlobalSection(ExtensibilityGlobals) = postSolution
		SolutionGuid = {CFC71F07-EA12-40F9-A87C-7B58F3D6C895}
	EndGlobalSection
EndGlobal
